<?xml version="1.0" encoding="UTF-8" standalone="yes" ?>
<CodeBlocks_project_file>
	<FileVersion major="1" minor="6" />
	<Project>
		<Option title="Korek Sewer Worker" />
		<Option pch_mode="2" />
		<Option compiler="tdm" />
		<MakeCommands>
			<Build command="" />
			<CompileFile command="" />
			<Clean command="" />
			<DistClean command="" />
			<AskRebuildNeeded command="" />
			<SilentBuild command=" &gt; $(CMD_NULL)" />
		</MakeCommands>
		<Build>
			<Target title="Debug">
				<Option output="bin/Debug/Korek Sewer Worker" prefix_auto="1" extension_auto="1" />
				<Option object_output="obj/Debug/" />
				<Option type="1" />
				<Option compiler="tdm" />
				<Compiler>
					<Add option="-g" />
					<Add directory="../SFML-2.5.1/include" />
					<Add directory="include" />
				</Compiler>
				<ResourceCompiler>
					<Add directory="../SFML-2.5.1/bin" />
				</ResourceCompiler>
				<Linker>
					<Add library="sfml-graphics-d" />
					<Add library="sfml-audio-d" />
					<Add library="sfml-window-d" />
					<Add library="sfml-system-d" />
					<Add directory="../SFML-2.5.1/lib" />
				</Linker>
			</Target>
			<Target title="Release">
				<Option output="bin/Release/Korek Sewer Worker" prefix_auto="1" extension_auto="1" />
				<Option object_output="obj/Release/" />
				<Option type="0" />
				<Option compiler="tdm" />
				<Option projectCompilerOptionsRelation="1" />
				<Option projectLinkerOptionsRelation="1" />
				<Compiler>
					<Add option="-std=c++11" />
					<Add option="-O2" />
					<Add directory="D:/SFML/SFML-2.4.2/include" />
					<Add directory="include" />
				</Compiler>
				<Linker>
					<Add option="-static-libstdc++" />
					<Add library="sfml-graphics" />
					<Add library="sfml-window" />
					<Add library="sfml-system" />
					<Add directory="D:/SFML/SFML-2.4.2/lib" />
				</Linker>
			</Target>
		</Build>
		<Unit filename="animation_handler.cpp" />
		<Unit filename="animation_handler.hpp" />
		<Unit filename="attack.cpp" />
		<Unit filename="attack.hpp" />
		<Unit filename="defines.hpp" />
		<Unit filename="game.cpp" />
		<Unit filename="game.hpp" />
		<Unit filename="game_gui.cpp" />
		<Unit filename="game_gui.hpp" />
		<Unit filename="game_state.hpp" />
		<Unit filename="game_state_playgame.cpp" />
		<Unit filename="game_state_playgame.hpp" />
		<Unit filename="game_state_startmenu.cpp" />
		<Unit filename="game_state_startmenu.hpp" />
		<Unit filename="hit_list.cpp" />
		<Unit filename="hit_list.hpp" />
		<Unit filename="hp_bar.cpp" />
		<Unit filename="hp_bar.hpp" />
		<Unit filename="include/SoundManager.hpp" />
		<Unit filename="include/Testing_Tool.hpp" />
		<Unit filename="level_map.cpp" />
		<Unit filename="level_map.hpp" />
		<Unit filename="main.cpp" />
		<Unit filename="menu_gui.cpp" />
		<Unit filename="menu_gui.hpp" />
		<Unit filename="monster_manager.cpp" />
		<Unit filename="monster_manager.hpp" />
		<Unit filename="otwieranie_linku.cpp" />
		<Unit filename="player.cpp" />
		<Unit filename="player.hpp" />
		<Unit filename="src/SoundManager.cpp" />
		<Unit filename="src/Testing_Tool.cpp" />
		<Unit filename="texture_manager.cpp" />
		<Unit filename="texture_manager.hpp" />
		<Extensions>
			<code_completion />
			<envvars />
			<debugger />
			<lib_finder disable_auto="1" />
		</Extensions>
	</Project>
</CodeBlocks_project_file>
