<?xml version="1.0" encoding="UTF-8" standalone="yes" ?>
<CodeBlocks_project_file>
	<FileVersion major="1" minor="6" />
	<Project>
		<Option title="KnitekDevEdytor" />
		<Option pch_mode="2" />
		<Option compiler="tdm" />
		<MakeCommands>
			<Build command="" />
			<CompileFile command="" />
			<Clean command="" />
			<DistClean command="" />
			<AskRebuildNeeded command="" />
			<SilentBuild command=" &gt; $(CMD_NULL)" />
		</MakeCommands>
		<Build>
			<Target title="Debug">
				<Option output="bin/Debug/KnitekDevEdytor" prefix_auto="1" extension_auto="1" />
				<Option working_dir="bin/Debug" />
				<Option object_output="obj/Debug/" />
				<Option type="1" />
				<Option compiler="tdm" />
				<Compiler>
					<Add option="-g" />
					<Add directory="../../SFML-2.5.1/include" />
					<Add directory="include" />
					<Add directory="../KnitekDevEdytor" />
				</Compiler>
				<ResourceCompiler>
					<Add directory="../../SFML-2.5.1/bin" />
				</ResourceCompiler>
				<Linker>
					<Add library="sfml-graphics-d" />
					<Add library="sfml-audio-d" />
					<Add library="sfml-window-d" />
					<Add library="sfml-system-d" />
					<Add directory="../../SFML-2.5.1/lib" />
				</Linker>
			</Target>
			<Target title="Release">
				<Option output="bin/Release/KnitekDevEdytor" prefix_auto="1" extension_auto="1" />
				<Option object_output="obj/Release/" />
				<Option type="1" />
				<Option compiler="tdm" />
				<Option use_console_runner="0" />
				<Compiler>
					<Add option="-O2" />
					<Add option="-std=c++11" />
					<Add directory="../KnitekDevEdytor" />
				</Compiler>
				<Linker>
					<Add option="-s" />
					<Add option="-static-libstdc++" />
					<Add option="-static-libgcc" />
					<Add library="sfml-graphics" />
					<Add library="sfml-window" />
					<Add library="sfml-system" />
				</Linker>
			</Target>
		</Build>
		<Compiler>
			<Add option="-Wall" />
			<Add directory="D:/Biblioteki/SFML-2.4.1/include" />
		</Compiler>
		<Linker>
			<Add directory="D:/Biblioteki/SFML-2.4.1/lib" />
		</Linker>
		<Unit filename="Palette.cpp" />
		<Unit filename="Palette.hpp" />
		<Unit filename="edytor.cpp" />
		<Unit filename="edytor.hpp" />
		<Unit filename="main.cpp" />
		<Unit filename="obiekt.hpp" />
		<Unit filename="texture_manager.cpp" />
		<Unit filename="texture_manager.hpp" />
		<Extensions>
			<code_completion />
			<envvars />
			<debugger />
		</Extensions>
	</Project>
</CodeBlocks_project_file>
