<?xml version="1.0" encoding="UTF-8" standalone="yes" ?>
<CodeBlocks_project_file>
	<FileVersion major="1" minor="6" />
	<Project>
		<Option title="KnitekDevEdytor" />
		<Option pch_mode="2" />
		<Option compiler="mingw_610_32-bit" />
		<Build>
			<Target title="Debug">
				<Option output="bin/Debug/KnitekDevEdytor" prefix_auto="1" extension_auto="1" />
				<Option object_output="obj/Debug/" />
				<Option type="1" />
				<Option compiler="mingw_610_32-bit" />
				<Compiler>
					<Add option="-std=c++11" />
					<Add option="-g" />
				</Compiler>
				<Linker>
					<Add library="sfml-graphics-d" />
					<Add library="sfml-window-d" />
					<Add library="sfml-system-d" />
				</Linker>
			</Target>
			<Target title="Release">
				<Option output="bin/Release/KnitekDevEdytor" prefix_auto="1" extension_auto="1" />
				<Option object_output="obj/Release/" />
				<Option type="1" />
				<Option compiler="mingw_610_32-bit" />
				<Option use_console_runner="0" />
				<Compiler>
					<Add option="-O2" />
					<Add option="-std=c++11" />
				</Compiler>
				<Linker>
					<Add option="-s" />
					<Add option="-static-libstdc++" />
					<Add option="-static-libgcc" />
					<Add library="sfml-graphics" />
					<Add library="sfml-window" />
					<Add library="sfml-system" />
				</Linker>
			</Target>
		</Build>
		<Compiler>
			<Add option="-Wall" />
			<Add directory="D:/Biblioteki/SFML-2.4.1/include" />
		</Compiler>
		<Linker>
			<Add directory="D:/Biblioteki/SFML-2.4.1/lib" />
		</Linker>
		<Unit filename="edytor.cpp" />
		<Unit filename="edytor.hpp" />
		<Unit filename="main.cpp" />
		<Unit filename="obiekt.hpp" />
		<Unit filename="texture_manager.cpp" />
		<Unit filename="texture_manager.hpp" />
		<Extensions>
			<code_completion />
			<envvars />
			<debugger />
		</Extensions>
	</Project>
</CodeBlocks_project_file>
